
Microsoft Visual Studio Solution File, Format Version 12.00
Project("{FAE04EC0-301F-11D3-BF4B-00C04F79EFBC}") = "AdventOfCode2023Day1", "AdventOfCode2023Day1\AdventOfCode2023Day1.csproj", "{EEA0B136-6741-43B5-B04F-137CB0D5EDDF}"
EndProject
Project("{FAE04EC0-301F-11D3-BF4B-00C04F79EFBC}") = "AdventOfCode2023Day2", "AdventOfCode2023Day2\AdventOfCode2023Day2.csproj", "{4739DF84-4A74-41ED-BF0D-F7F4580A15C4}"
EndProject
Global
	GlobalSection(SolutionConfigurationPlatforms) = preSolution
		Debug|Any CPU = Debug|Any CPU
		Release|Any CPU = Release|Any CPU
	EndGlobalSection
	GlobalSection(ProjectConfigurationPlatforms) = postSolution
		{EEA0B136-6741-43B5-B04F-137CB0D5EDDF}.Debug|Any CPU.ActiveCfg = Debug|Any CPU
		{EEA0B136-6741-43B5-B04F-137CB0D5EDDF}.Debug|Any CPU.Build.0 = Debug|Any CPU
		{EEA0B136-6741-43B5-B04F-137CB0D5EDDF}.Release|Any CPU.ActiveCfg = Release|Any CPU
		{EEA0B136-6741-43B5-B04F-137CB0D5EDDF}.Release|Any CPU.Build.0 = Release|Any CPU
		{4739DF84-4A74-41ED-BF0D-F7F4580A15C4}.Debug|Any CPU.ActiveCfg = Debug|Any CPU
		{4739DF84-4A74-41ED-BF0D-F7F4580A15C4}.Debug|Any CPU.Build.0 = Debug|Any CPU
		{4739DF84-4A74-41ED-BF0D-F7F4580A15C4}.Release|Any CPU.ActiveCfg = Release|Any CPU
		{4739DF84-4A74-41ED-BF0D-F7F4580A15C4}.Release|Any CPU.Build.0 = Release|Any CPU
	EndGlobalSection
EndGlobal
